
Microsoft Visual Studio Solution File, Format Version 12.00
# Visual Studio 15
VisualStudioVersion = 15.0.26124.0
MinimumVisualStudioVersion = 15.0.26124.0
Project("{2150E333-8FDC-42A3-9474-1A3956D46DE8}") = "00-Core", "00-Core", "{F58B3985-AB19-4A94-AABB-799533A864E4}"
EndProject
Project("{FAE04EC0-301F-11D3-BF4B-00C04F79EFBC}") = "Architecture", "00-Core\Architecture\Architecture.csproj", "{94CB3634-93EB-477F-832E-E1CBAE031A05}"
EndProject
Project("{FAE04EC0-301F-11D3-BF4B-00C04F79EFBC}") = "Core", "00-Core\Core\Core.csproj", "{0527E6E4-444D-4CF4-9FB6-2933EC80B72A}"
EndProject
Project("{2150E333-8FDC-42A3-9474-1A3956D46DE8}") = "-Shared", "-Shared", "{E59EFFDF-4880-4330-88DE-2536D3DC9F25}"
ProjectSection(SolutionItems) = preProject
	-Shared\SharedAssemblyInfo.cs = -Shared\SharedAssemblyInfo.cs
	-Shared\SharedProperties.nuspec = -Shared\SharedProperties.nuspec
EndProjectSection
EndProject
Project("{FAE04EC0-301F-11D3-BF4B-00C04F79EFBC}") = "Core.TraceTools", "00-Core\Core.TraceTools\Core.TraceTools.csproj", "{E2F2C010-0F47-4697-87F4-D0F71ACD8D07}"
EndProject
Project("{FAE04EC0-301F-11D3-BF4B-00C04F79EFBC}") = "Core.Data", "00-Core\Core.Data\Core.Data.csproj", "{D794F8A7-3488-48C0-B1A1-B7019F1886D6}"
EndProject
Project("{2150E333-8FDC-42A3-9474-1A3956D46DE8}") = "10-AppLayer", "10-AppLayer", "{513C7A10-9564-4994-ADBE-024E832E15CB}"
EndProject
Project("{FAE04EC0-301F-11D3-BF4B-00C04F79EFBC}") = "AppLayer.Core", "10-AppLayer\AppLayer.Core\AppLayer.Core.csproj", "{504260BC-5F61-4F85-B644-3516BFF02CC8}"
EndProject
Project("{2150E333-8FDC-42A3-9474-1A3956D46DE8}") = "05-Web", "05-Web", "{9AE6B0BF-AC33-4F8E-BC62-39C3EFA3640C}"
EndProject
Project("{FAE04EC0-301F-11D3-BF4B-00C04F79EFBC}") = "Web.Core", "05-Web\Web.Core\Web.Core.csproj", "{22A177A3-A6FA-484C-8928-D0C16CAEDDC3}"
EndProject
Project("{2150E333-8FDC-42A3-9474-1A3956D46DE8}") = "99-Tests", "99-Tests", "{CD8443D0-0CEA-42C5-AA6E-4C8C820B9D9E}"
EndProject
Project("{FAE04EC0-301F-11D3-BF4B-00C04F79EFBC}") = "AMKsGear.MSTests", "99-Tests\AMKsGear.MSTests\AMKsGear.MSTests.csproj", "{B9B5E2D4-F7CA-466F-B412-A7FFE246970E}"
EndProject
Global
	GlobalSection(SolutionConfigurationPlatforms) = preSolution
		Debug|Any CPU = Debug|Any CPU
		Debug|x64 = Debug|x64
		Debug|x86 = Debug|x86
		Release|Any CPU = Release|Any CPU
		Release|x64 = Release|x64
		Release|x86 = Release|x86
	EndGlobalSection
	GlobalSection(SolutionProperties) = preSolution
		HideSolutionNode = FALSE
	EndGlobalSection
	GlobalSection(NestedProjects) = preSolution
		{94CB3634-93EB-477F-832E-E1CBAE031A05} = {F58B3985-AB19-4A94-AABB-799533A864E4}
		{0527E6E4-444D-4CF4-9FB6-2933EC80B72A} = {F58B3985-AB19-4A94-AABB-799533A864E4}
		{E2F2C010-0F47-4697-87F4-D0F71ACD8D07} = {F58B3985-AB19-4A94-AABB-799533A864E4}
		{D794F8A7-3488-48C0-B1A1-B7019F1886D6} = {F58B3985-AB19-4A94-AABB-799533A864E4}
		{504260BC-5F61-4F85-B644-3516BFF02CC8} = {513C7A10-9564-4994-ADBE-024E832E15CB}
		{22A177A3-A6FA-484C-8928-D0C16CAEDDC3} = {9AE6B0BF-AC33-4F8E-BC62-39C3EFA3640C}
		{B9B5E2D4-F7CA-466F-B412-A7FFE246970E} = {CD8443D0-0CEA-42C5-AA6E-4C8C820B9D9E}
	EndGlobalSection
	GlobalSection(ProjectConfigurationPlatforms) = postSolution
		{94CB3634-93EB-477F-832E-E1CBAE031A05}.Debug|Any CPU.ActiveCfg = Debug|Any CPU
		{94CB3634-93EB-477F-832E-E1CBAE031A05}.Debug|Any CPU.Build.0 = Debug|Any CPU
		{94CB3634-93EB-477F-832E-E1CBAE031A05}.Debug|x64.ActiveCfg = Debug|Any CPU
		{94CB3634-93EB-477F-832E-E1CBAE031A05}.Debug|x64.Build.0 = Debug|Any CPU
		{94CB3634-93EB-477F-832E-E1CBAE031A05}.Debug|x86.ActiveCfg = Debug|Any CPU
		{94CB3634-93EB-477F-832E-E1CBAE031A05}.Debug|x86.Build.0 = Debug|Any CPU
		{94CB3634-93EB-477F-832E-E1CBAE031A05}.Release|Any CPU.ActiveCfg = Release|Any CPU
		{94CB3634-93EB-477F-832E-E1CBAE031A05}.Release|Any CPU.Build.0 = Release|Any CPU
		{94CB3634-93EB-477F-832E-E1CBAE031A05}.Release|x64.ActiveCfg = Release|Any CPU
		{94CB3634-93EB-477F-832E-E1CBAE031A05}.Release|x64.Build.0 = Release|Any CPU
		{94CB3634-93EB-477F-832E-E1CBAE031A05}.Release|x86.ActiveCfg = Release|Any CPU
		{94CB3634-93EB-477F-832E-E1CBAE031A05}.Release|x86.Build.0 = Release|Any CPU
		{0527E6E4-444D-4CF4-9FB6-2933EC80B72A}.Debug|Any CPU.ActiveCfg = Debug|Any CPU
		{0527E6E4-444D-4CF4-9FB6-2933EC80B72A}.Debug|Any CPU.Build.0 = Debug|Any CPU
		{0527E6E4-444D-4CF4-9FB6-2933EC80B72A}.Debug|x64.ActiveCfg = Debug|Any CPU
		{0527E6E4-444D-4CF4-9FB6-2933EC80B72A}.Debug|x64.Build.0 = Debug|Any CPU
		{0527E6E4-444D-4CF4-9FB6-2933EC80B72A}.Debug|x86.ActiveCfg = Debug|Any CPU
		{0527E6E4-444D-4CF4-9FB6-2933EC80B72A}.Debug|x86.Build.0 = Debug|Any CPU
		{0527E6E4-444D-4CF4-9FB6-2933EC80B72A}.Release|Any CPU.ActiveCfg = Release|Any CPU
		{0527E6E4-444D-4CF4-9FB6-2933EC80B72A}.Release|Any CPU.Build.0 = Release|Any CPU
		{0527E6E4-444D-4CF4-9FB6-2933EC80B72A}.Release|x64.ActiveCfg = Release|Any CPU
		{0527E6E4-444D-4CF4-9FB6-2933EC80B72A}.Release|x64.Build.0 = Release|Any CPU
		{0527E6E4-444D-4CF4-9FB6-2933EC80B72A}.Release|x86.ActiveCfg = Release|Any CPU
		{0527E6E4-444D-4CF4-9FB6-2933EC80B72A}.Release|x86.Build.0 = Release|Any CPU
		{E2F2C010-0F47-4697-87F4-D0F71ACD8D07}.Debug|Any CPU.ActiveCfg = Debug|Any CPU
		{E2F2C010-0F47-4697-87F4-D0F71ACD8D07}.Debug|Any CPU.Build.0 = Debug|Any CPU
		{E2F2C010-0F47-4697-87F4-D0F71ACD8D07}.Release|Any CPU.ActiveCfg = Release|Any CPU
		{E2F2C010-0F47-4697-87F4-D0F71ACD8D07}.Release|Any CPU.Build.0 = Release|Any CPU
		{D794F8A7-3488-48C0-B1A1-B7019F1886D6}.Debug|Any CPU.ActiveCfg = Debug|Any CPU
		{D794F8A7-3488-48C0-B1A1-B7019F1886D6}.Debug|Any CPU.Build.0 = Debug|Any CPU
		{D794F8A7-3488-48C0-B1A1-B7019F1886D6}.Debug|x64.ActiveCfg = Debug|Any CPU
		{D794F8A7-3488-48C0-B1A1-B7019F1886D6}.Debug|x64.Build.0 = Debug|Any CPU
		{D794F8A7-3488-48C0-B1A1-B7019F1886D6}.Debug|x86.ActiveCfg = Debug|Any CPU
		{D794F8A7-3488-48C0-B1A1-B7019F1886D6}.Debug|x86.Build.0 = Debug|Any CPU
		{D794F8A7-3488-48C0-B1A1-B7019F1886D6}.Release|Any CPU.ActiveCfg = Release|Any CPU
		{D794F8A7-3488-48C0-B1A1-B7019F1886D6}.Release|Any CPU.Build.0 = Release|Any CPU
		{D794F8A7-3488-48C0-B1A1-B7019F1886D6}.Release|x64.ActiveCfg = Release|Any CPU
		{D794F8A7-3488-48C0-B1A1-B7019F1886D6}.Release|x64.Build.0 = Release|Any CPU
		{D794F8A7-3488-48C0-B1A1-B7019F1886D6}.Release|x86.ActiveCfg = Release|Any CPU
		{D794F8A7-3488-48C0-B1A1-B7019F1886D6}.Release|x86.Build.0 = Release|Any CPU
		{504260BC-5F61-4F85-B644-3516BFF02CC8}.Debug|Any CPU.ActiveCfg = Debug|Any CPU
		{504260BC-5F61-4F85-B644-3516BFF02CC8}.Debug|Any CPU.Build.0 = Debug|Any CPU
		{504260BC-5F61-4F85-B644-3516BFF02CC8}.Debug|x64.ActiveCfg = Debug|Any CPU
		{504260BC-5F61-4F85-B644-3516BFF02CC8}.Debug|x64.Build.0 = Debug|Any CPU
		{504260BC-5F61-4F85-B644-3516BFF02CC8}.Debug|x86.ActiveCfg = Debug|Any CPU
		{504260BC-5F61-4F85-B644-3516BFF02CC8}.Debug|x86.Build.0 = Debug|Any CPU
		{504260BC-5F61-4F85-B644-3516BFF02CC8}.Release|Any CPU.ActiveCfg = Release|Any CPU
		{504260BC-5F61-4F85-B644-3516BFF02CC8}.Release|Any CPU.Build.0 = Release|Any CPU
		{504260BC-5F61-4F85-B644-3516BFF02CC8}.Release|x64.ActiveCfg = Release|Any CPU
		{504260BC-5F61-4F85-B644-3516BFF02CC8}.Release|x64.Build.0 = Release|Any CPU
		{504260BC-5F61-4F85-B644-3516BFF02CC8}.Release|x86.ActiveCfg = Release|Any CPU
		{504260BC-5F61-4F85-B644-3516BFF02CC8}.Release|x86.Build.0 = Release|Any CPU
		{22A177A3-A6FA-484C-8928-D0C16CAEDDC3}.Debug|Any CPU.ActiveCfg = Debug|Any CPU
		{22A177A3-A6FA-484C-8928-D0C16CAEDDC3}.Debug|Any CPU.Build.0 = Debug|Any CPU
		{22A177A3-A6FA-484C-8928-D0C16CAEDDC3}.Debug|x64.ActiveCfg = Debug|Any CPU
		{22A177A3-A6FA-484C-8928-D0C16CAEDDC3}.Debug|x64.Build.0 = Debug|Any CPU
		{22A177A3-A6FA-484C-8928-D0C16CAEDDC3}.Debug|x86.ActiveCfg = Debug|Any CPU
		{22A177A3-A6FA-484C-8928-D0C16CAEDDC3}.Debug|x86.Build.0 = Debug|Any CPU
		{22A177A3-A6FA-484C-8928-D0C16CAEDDC3}.Release|Any CPU.ActiveCfg = Release|Any CPU
		{22A177A3-A6FA-484C-8928-D0C16CAEDDC3}.Release|Any CPU.Build.0 = Release|Any CPU
		{22A177A3-A6FA-484C-8928-D0C16CAEDDC3}.Release|x64.ActiveCfg = Release|Any CPU
		{22A177A3-A6FA-484C-8928-D0C16CAEDDC3}.Release|x64.Build.0 = Release|Any CPU
		{22A177A3-A6FA-484C-8928-D0C16CAEDDC3}.Release|x86.ActiveCfg = Release|Any CPU
		{22A177A3-A6FA-484C-8928-D0C16CAEDDC3}.Release|x86.Build.0 = Release|Any CPU
		{B9B5E2D4-F7CA-466F-B412-A7FFE246970E}.Debug|Any CPU.ActiveCfg = Debug|Any CPU
		{B9B5E2D4-F7CA-466F-B412-A7FFE246970E}.Debug|Any CPU.Build.0 = Debug|Any CPU
		{B9B5E2D4-F7CA-466F-B412-A7FFE246970E}.Debug|x64.ActiveCfg = Debug|Any CPU
		{B9B5E2D4-F7CA-466F-B412-A7FFE246970E}.Debug|x64.Build.0 = Debug|Any CPU
		{B9B5E2D4-F7CA-466F-B412-A7FFE246970E}.Debug|x86.ActiveCfg = Debug|Any CPU
		{B9B5E2D4-F7CA-466F-B412-A7FFE246970E}.Debug|x86.Build.0 = Debug|Any CPU
		{B9B5E2D4-F7CA-466F-B412-A7FFE246970E}.Release|Any CPU.ActiveCfg = Release|Any CPU
		{B9B5E2D4-F7CA-466F-B412-A7FFE246970E}.Release|Any CPU.Build.0 = Release|Any CPU
		{B9B5E2D4-F7CA-466F-B412-A7FFE246970E}.Release|x64.ActiveCfg = Release|Any CPU
		{B9B5E2D4-F7CA-466F-B412-A7FFE246970E}.Release|x64.Build.0 = Release|Any CPU
		{B9B5E2D4-F7CA-466F-B412-A7FFE246970E}.Release|x86.ActiveCfg = Release|Any CPU
		{B9B5E2D4-F7CA-466F-B412-A7FFE246970E}.Release|x86.Build.0 = Release|Any CPU
	EndGlobalSection
EndGlobal
